
Microsoft Visual Studio Solution File, Format Version 12.00
# Visual Studio 15
VisualStudioVersion = 15.0.27130.2010
MinimumVisualStudioVersion = 10.0.40219.1
Project("{2150E333-8FDC-42A3-9474-1A3956D46DE8}") = "User", "User", "{BA19C6F5-3267-4A53-989A-F31CEAF20705}"
EndProject
Project("{2150E333-8FDC-42A3-9474-1A3956D46DE8}") = "Project", "Project", "{83DFE0F6-1EC9-4FBB-9512-E1A51C3E12F2}"
EndProject
Project("{9A19103F-16F7-4668-BE54-9A1E7A4F7556}") = "ProjectManagement", "ProjectManagement\ProjectManagement.csproj", "{78DE0F85-C383-4E00-A234-406DFF7E8152}"
EndProject
Project("{9A19103F-16F7-4668-BE54-9A1E7A4F7556}") = "ProjectManagement.Contracts", "ProjectManagement.Contracts\ProjectManagement.Contracts.csproj", "{05F0E3AD-C7EA-4873-B626-346F5728DD35}"
EndProject
Project("{9A19103F-16F7-4668-BE54-9A1E7A4F7556}") = "ProjectManagement.Tests", "ProjectManagement.Tests\ProjectManagement.Tests.csproj", "{061729C9-6832-42A9-970F-63F49B8EC51A}"
	ProjectSection(ProjectDependencies) = postProject
		{4F82B093-3D1D-4D5E-AADA-8A7A0D05F391} = {4F82B093-3D1D-4D5E-AADA-8A7A0D05F391}
	EndProjectSection
EndProject
Project("{9A19103F-16F7-4668-BE54-9A1E7A4F7556}") = "UserManagement", "UserManagement\UserManagement.csproj", "{BEB3E38D-C71A-423D-9CA5-A61BA9D67139}"
EndProject
Project("{9A19103F-16F7-4668-BE54-9A1E7A4F7556}") = "UserManagement.Contracts", "UserManagement.Contracts\UserManagement.Contracts.csproj", "{6B7C05B6-9635-4D45-BCE9-B7D1F83E289C}"
EndProject
Project("{9A19103F-16F7-4668-BE54-9A1E7A4F7556}") = "UserManagement.Tests", "UserManagement.Tests\UserManagement.Tests.csproj", "{022A68D0-9D9C-4C78-AF26-93FC0A5A8BAB}"
EndProject
Project("{9A19103F-16F7-4668-BE54-9A1E7A4F7556}") = "WebApi", "WebApi\WebApi.csproj", "{A2108C60-881D-44E6-A732-BB4CED54BC11}"
EndProject
Project("{9A19103F-16F7-4668-BE54-9A1E7A4F7556}") = "ProjectManagementView", "ProjectManagementView\ProjectManagementView.csproj", "{2FAA224E-2B8B-4802-A3CF-BE46A638C19E}"
EndProject
Project("{9A19103F-16F7-4668-BE54-9A1E7A4F7556}") = "ProjectManagementView.Contracts", "ProjectManagementView.Contracts\ProjectManagementView.Contracts.csproj", "{FAAB806C-5167-418B-A409-665CE876FE47}"
EndProject
Project("{9A19103F-16F7-4668-BE54-9A1E7A4F7556}") = "ProjectManagementView.Tests", "ProjectManagementView.Tests\ProjectManagementView.Tests.csproj", "{393EB521-9BA4-496D-8BDF-75AD563C6BC0}"
	ProjectSection(ProjectDependencies) = postProject
		{4F82B093-3D1D-4D5E-AADA-8A7A0D05F391} = {4F82B093-3D1D-4D5E-AADA-8A7A0D05F391}
	EndProjectSection
EndProject
Project("{9A19103F-16F7-4668-BE54-9A1E7A4F7556}") = "ProjectManagement.Infrastructure", "ProjectManagement.Infrastructure\ProjectManagement.Infrastructure.csproj", "{4F82B093-3D1D-4D5E-AADA-8A7A0D05F391}"
EndProject
Project("{9A19103F-16F7-4668-BE54-9A1E7A4F7556}") = "ProjectManagement.Infrastructure.Primitives", "ProjectManagement.Infrastructure.Primitives\ProjectManagement.Infrastructure.Primitives.csproj", "{AD4A88B4-237B-4C12-88EF-20E2724089B3}"
EndProject
Global
	GlobalSection(SolutionConfigurationPlatforms) = preSolution
		Debug|Any CPU = Debug|Any CPU
		Release|Any CPU = Release|Any CPU
	EndGlobalSection
	GlobalSection(ProjectConfigurationPlatforms) = postSolution
		{78DE0F85-C383-4E00-A234-406DFF7E8152}.Debug|Any CPU.ActiveCfg = Debug|Any CPU
		{78DE0F85-C383-4E00-A234-406DFF7E8152}.Debug|Any CPU.Build.0 = Debug|Any CPU
		{78DE0F85-C383-4E00-A234-406DFF7E8152}.Release|Any CPU.ActiveCfg = Release|Any CPU
		{78DE0F85-C383-4E00-A234-406DFF7E8152}.Release|Any CPU.Build.0 = Release|Any CPU
		{05F0E3AD-C7EA-4873-B626-346F5728DD35}.Debug|Any CPU.ActiveCfg = Debug|Any CPU
		{05F0E3AD-C7EA-4873-B626-346F5728DD35}.Debug|Any CPU.Build.0 = Debug|Any CPU
		{05F0E3AD-C7EA-4873-B626-346F5728DD35}.Release|Any CPU.ActiveCfg = Release|Any CPU
		{05F0E3AD-C7EA-4873-B626-346F5728DD35}.Release|Any CPU.Build.0 = Release|Any CPU
		{061729C9-6832-42A9-970F-63F49B8EC51A}.Debug|Any CPU.ActiveCfg = Debug|Any CPU
		{061729C9-6832-42A9-970F-63F49B8EC51A}.Debug|Any CPU.Build.0 = Debug|Any CPU
		{061729C9-6832-42A9-970F-63F49B8EC51A}.Release|Any CPU.ActiveCfg = Release|Any CPU
		{061729C9-6832-42A9-970F-63F49B8EC51A}.Release|Any CPU.Build.0 = Release|Any CPU
		{BEB3E38D-C71A-423D-9CA5-A61BA9D67139}.Debug|Any CPU.ActiveCfg = Debug|Any CPU
		{BEB3E38D-C71A-423D-9CA5-A61BA9D67139}.Debug|Any CPU.Build.0 = Debug|Any CPU
		{BEB3E38D-C71A-423D-9CA5-A61BA9D67139}.Release|Any CPU.ActiveCfg = Release|Any CPU
		{BEB3E38D-C71A-423D-9CA5-A61BA9D67139}.Release|Any CPU.Build.0 = Release|Any CPU
		{6B7C05B6-9635-4D45-BCE9-B7D1F83E289C}.Debug|Any CPU.ActiveCfg = Debug|Any CPU
		{6B7C05B6-9635-4D45-BCE9-B7D1F83E289C}.Debug|Any CPU.Build.0 = Debug|Any CPU
		{6B7C05B6-9635-4D45-BCE9-B7D1F83E289C}.Release|Any CPU.ActiveCfg = Release|Any CPU
		{6B7C05B6-9635-4D45-BCE9-B7D1F83E289C}.Release|Any CPU.Build.0 = Release|Any CPU
		{022A68D0-9D9C-4C78-AF26-93FC0A5A8BAB}.Debug|Any CPU.ActiveCfg = Debug|Any CPU
		{022A68D0-9D9C-4C78-AF26-93FC0A5A8BAB}.Debug|Any CPU.Build.0 = Debug|Any CPU
		{022A68D0-9D9C-4C78-AF26-93FC0A5A8BAB}.Release|Any CPU.ActiveCfg = Release|Any CPU
		{022A68D0-9D9C-4C78-AF26-93FC0A5A8BAB}.Release|Any CPU.Build.0 = Release|Any CPU
		{A2108C60-881D-44E6-A732-BB4CED54BC11}.Debug|Any CPU.ActiveCfg = Debug|Any CPU
		{A2108C60-881D-44E6-A732-BB4CED54BC11}.Debug|Any CPU.Build.0 = Debug|Any CPU
		{A2108C60-881D-44E6-A732-BB4CED54BC11}.Release|Any CPU.ActiveCfg = Release|Any CPU
		{A2108C60-881D-44E6-A732-BB4CED54BC11}.Release|Any CPU.Build.0 = Release|Any CPU
		{2FAA224E-2B8B-4802-A3CF-BE46A638C19E}.Debug|Any CPU.ActiveCfg = Debug|Any CPU
		{2FAA224E-2B8B-4802-A3CF-BE46A638C19E}.Debug|Any CPU.Build.0 = Debug|Any CPU
		{2FAA224E-2B8B-4802-A3CF-BE46A638C19E}.Release|Any CPU.ActiveCfg = Release|Any CPU
		{2FAA224E-2B8B-4802-A3CF-BE46A638C19E}.Release|Any CPU.Build.0 = Release|Any CPU
		{FAAB806C-5167-418B-A409-665CE876FE47}.Debug|Any CPU.ActiveCfg = Debug|Any CPU
		{FAAB806C-5167-418B-A409-665CE876FE47}.Debug|Any CPU.Build.0 = Debug|Any CPU
		{FAAB806C-5167-418B-A409-665CE876FE47}.Release|Any CPU.ActiveCfg = Release|Any CPU
		{FAAB806C-5167-418B-A409-665CE876FE47}.Release|Any CPU.Build.0 = Release|Any CPU
		{393EB521-9BA4-496D-8BDF-75AD563C6BC0}.Debug|Any CPU.ActiveCfg = Debug|Any CPU
		{393EB521-9BA4-496D-8BDF-75AD563C6BC0}.Debug|Any CPU.Build.0 = Debug|Any CPU
		{393EB521-9BA4-496D-8BDF-75AD563C6BC0}.Release|Any CPU.ActiveCfg = Release|Any CPU
		{393EB521-9BA4-496D-8BDF-75AD563C6BC0}.Release|Any CPU.Build.0 = Release|Any CPU
		{4F82B093-3D1D-4D5E-AADA-8A7A0D05F391}.Debug|Any CPU.ActiveCfg = Debug|Any CPU
		{4F82B093-3D1D-4D5E-AADA-8A7A0D05F391}.Debug|Any CPU.Build.0 = Debug|Any CPU
		{4F82B093-3D1D-4D5E-AADA-8A7A0D05F391}.Release|Any CPU.ActiveCfg = Release|Any CPU
		{4F82B093-3D1D-4D5E-AADA-8A7A0D05F391}.Release|Any CPU.Build.0 = Release|Any CPU
		{AD4A88B4-237B-4C12-88EF-20E2724089B3}.Debug|Any CPU.ActiveCfg = Debug|Any CPU
		{AD4A88B4-237B-4C12-88EF-20E2724089B3}.Debug|Any CPU.Build.0 = Debug|Any CPU
		{AD4A88B4-237B-4C12-88EF-20E2724089B3}.Release|Any CPU.ActiveCfg = Release|Any CPU
		{AD4A88B4-237B-4C12-88EF-20E2724089B3}.Release|Any CPU.Build.0 = Release|Any CPU
	EndGlobalSection
	GlobalSection(SolutionProperties) = preSolution
		HideSolutionNode = FALSE
	EndGlobalSection
	GlobalSection(NestedProjects) = preSolution
		{78DE0F85-C383-4E00-A234-406DFF7E8152} = {83DFE0F6-1EC9-4FBB-9512-E1A51C3E12F2}
		{05F0E3AD-C7EA-4873-B626-346F5728DD35} = {83DFE0F6-1EC9-4FBB-9512-E1A51C3E12F2}
		{061729C9-6832-42A9-970F-63F49B8EC51A} = {83DFE0F6-1EC9-4FBB-9512-E1A51C3E12F2}
		{BEB3E38D-C71A-423D-9CA5-A61BA9D67139} = {BA19C6F5-3267-4A53-989A-F31CEAF20705}
		{6B7C05B6-9635-4D45-BCE9-B7D1F83E289C} = {BA19C6F5-3267-4A53-989A-F31CEAF20705}
		{022A68D0-9D9C-4C78-AF26-93FC0A5A8BAB} = {BA19C6F5-3267-4A53-989A-F31CEAF20705}
		{2FAA224E-2B8B-4802-A3CF-BE46A638C19E} = {83DFE0F6-1EC9-4FBB-9512-E1A51C3E12F2}
		{FAAB806C-5167-418B-A409-665CE876FE47} = {83DFE0F6-1EC9-4FBB-9512-E1A51C3E12F2}
		{393EB521-9BA4-496D-8BDF-75AD563C6BC0} = {83DFE0F6-1EC9-4FBB-9512-E1A51C3E12F2}
	EndGlobalSection
	GlobalSection(ExtensibilityGlobals) = postSolution
		SolutionGuid = {BE6D900E-73B9-4013-8711-9B5FFA48B06A}
	EndGlobalSection
EndGlobal
